// !$*UTF8*$!
{
	archiveVersion = 1;
	classes = {
	};
	objectVersion = 50;
	objects = {

/* Begin PBXBuildFile section */
		147828352653D3BF007F2C94 /* Debug.cpp in Sources */ = {isa = PBXBuildFile; fileRef = 147828342653D3BE007F2C94 /* Debug.cpp */; };
		147828392653D3F8007F2C94 /* UnityNativePlugin.cpp in Sources */ = {isa = PBXBuildFile; fileRef = 147828372653D3F8007F2C94 /* UnityNativePlugin.cpp */; };
		147828832653DE8A007F2C94 /* Debug.cpp in Sources */ = {isa = PBXBuildFile; fileRef = 147828342653D3BE007F2C94 /* Debug.cpp */; };
		147828842653DE8A007F2C94 /* UnityNativePlugin.cpp in Sources */ = {isa = PBXBuildFile; fileRef = 147828372653D3F8007F2C94 /* UnityNativePlugin.cpp */; };
/* End PBXBuildFile section */

/* Begin PBXCopyFilesBuildPhase section */
		1478286E2653DE41007F2C94 /* CopyFiles */ = {
			isa = PBXCopyFilesBuildPhase;
			buildActionMask = 2147483647;
			dstPath = "include/$(PRODUCT_NAME)";
			dstSubfolderSpec = 16;
			files = (
			);
			runOnlyForDeploymentPostprocessing = 0;
		};
/* End PBXCopyFilesBuildPhase section */

/* Begin PBXFileReference section */
		147828282653D391007F2C94 /* UnityNativePluginMac.bundle */ = {isa = PBXFileReference; explicitFileType = wrapper.cfbundle; includeInIndex = 0; path = UnityNativePluginMac.bundle; sourceTree = BUILT_PRODUCTS_DIR; };
		1478282B2653D391007F2C94 /* Info.plist */ = {isa = PBXFileReference; lastKnownFileType = text.plist.xml; path = Info.plist; sourceTree = "<group>"; };
		147828332653D3BE007F2C94 /* Debug.hpp */ = {isa = PBXFileReference; fileEncoding = 4; lastKnownFileType = sourcecode.cpp.h; path = Debug.hpp; sourceTree = "<group>"; };
		147828342653D3BE007F2C94 /* Debug.cpp */ = {isa = PBXFileReference; fileEncoding = 4; lastKnownFileType = sourcecode.cpp.cpp; path = Debug.cpp; sourceTree = "<group>"; };
		147828372653D3F8007F2C94 /* UnityNativePlugin.cpp */ = {isa = PBXFileReference; lastKnownFileType = sourcecode.cpp.cpp; path = UnityNativePlugin.cpp; sourceTree = "<group>"; };
		147828382653D3F8007F2C94 /* UnityNativePlugin.hpp */ = {isa = PBXFileReference; lastKnownFileType = sourcecode.cpp.h; path = UnityNativePlugin.hpp; sourceTree = "<group>"; };
		147828702653DE41007F2C94 /* libUnityNativePlugin.a */ = {isa = PBXFileReference; explicitFileType = archive.ar; includeInIndex = 0; path = libUnityNativePlugin.a; sourceTree = BUILT_PRODUCTS_DIR; };
/* End PBXFileReference section */

/* Begin PBXFrameworksBuildPhase section */
		147828252653D391007F2C94 /* Frameworks */ = {
			isa = PBXFrameworksBuildPhase;
			buildActionMask = 2147483647;
			files = (
			);
			runOnlyForDeploymentPostprocessing = 0;
		};
		1478286D2653DE41007F2C94 /* Frameworks */ = {
			isa = PBXFrameworksBuildPhase;
			buildActionMask = 2147483647;
			files = (
			);
			runOnlyForDeploymentPostprocessing = 0;
		};
/* End PBXFrameworksBuildPhase section */

/* Begin PBXGroup section */
		1478281F2653D391007F2C94 = {
			isa = PBXGroup;
			children = (
				1478282A2653D391007F2C94 /* UnityNativePlugin */,
				147828292653D391007F2C94 /* Products */,
			);
			sourceTree = "<group>";
		};
		147828292653D391007F2C94 /* Products */ = {
			isa = PBXGroup;
			children = (
				147828282653D391007F2C94 /* UnityNativePluginMac.bundle */,
				147828702653DE41007F2C94 /* libUnityNativePlugin.a */,
			);
			name = Products;
			sourceTree = "<group>";
		};
		1478282A2653D391007F2C94 /* UnityNativePlugin */ = {
			isa = PBXGroup;
			children = (
				147828332653D3BE007F2C94 /* Debug.hpp */,
				147828342653D3BE007F2C94 /* Debug.cpp */,
				1478282B2653D391007F2C94 /* Info.plist */,
				147828372653D3F8007F2C94 /* UnityNativePlugin.cpp */,
				147828382653D3F8007F2C94 /* UnityNativePlugin.hpp */,
			);
			path = UnityNativePlugin;
			sourceTree = "<group>";
		};
/* End PBXGroup section */

/* Begin PBXNativeTarget section */
		147828272653D391007F2C94 /* UnityNativePluginMac */ = {
			isa = PBXNativeTarget;
			buildConfigurationList = 1478282E2653D391007F2C94 /* Build configuration list for PBXNativeTarget "UnityNativePluginMac" */;
			buildPhases = (
				147828242653D391007F2C94 /* Sources */,
				147828252653D391007F2C94 /* Frameworks */,
				147828262653D391007F2C94 /* Resources */,
				147828532653DB98007F2C94 /* ShellScript */,
			);
			buildRules = (
			);
			dependencies = (
			);
			name = UnityNativePluginMac;
			productName = UnityNativePlugin;
			productReference = 147828282653D391007F2C94 /* UnityNativePluginMac.bundle */;
			productType = "com.apple.product-type.bundle";
		};
		1478286F2653DE41007F2C94 /* UnityNativePlugin */ = {
			isa = PBXNativeTarget;
			buildConfigurationList = 147828762653DE41007F2C94 /* Build configuration list for PBXNativeTarget "UnityNativePlugin" */;
			buildPhases = (
				1478286C2653DE41007F2C94 /* Sources */,
				1478286D2653DE41007F2C94 /* Frameworks */,
				1478286E2653DE41007F2C94 /* CopyFiles */,
				1478287C2653DE4E007F2C94 /* ShellScript */,
			);
			buildRules = (
			);
			dependencies = (
			);
			name = UnityNativePlugin;
			productName = UnityNativePlugin;
			productReference = 147828702653DE41007F2C94 /* libUnityNativePlugin.a */;
			productType = "com.apple.product-type.library.static";
		};
/* End PBXNativeTarget section */

/* Begin PBXProject section */
		147828202653D391007F2C94 /* Project object */ = {
			isa = PBXProject;
			attributes = {
				LastUpgradeCheck = 1240;
				TargetAttributes = {
					147828272653D391007F2C94 = {
						CreatedOnToolsVersion = 12.4;
					};
					1478286F2653DE41007F2C94 = {
						CreatedOnToolsVersion = 12.4;
					};
				};
			};
			buildConfigurationList = 147828232653D391007F2C94 /* Build configuration list for PBXProject "UnityNativePlugin" */;
			compatibilityVersion = "Xcode 9.3";
			developmentRegion = en;
			hasScannedForEncodings = 0;
			knownRegions = (
				en,
				Base,
			);
			mainGroup = 1478281F2653D391007F2C94;
			productRefGroup = 147828292653D391007F2C94 /* Products */;
			projectDirPath = "";
			projectRoot = "";
			targets = (
				1478286F2653DE41007F2C94 /* UnityNativePlugin */,
				147828272653D391007F2C94 /* UnityNativePluginMac */,
			);
		};
/* End PBXProject section */

/* Begin PBXResourcesBuildPhase section */
		147828262653D391007F2C94 /* Resources */ = {
			isa = PBXResourcesBuildPhase;
			buildActionMask = 2147483647;
			files = (
			);
			runOnlyForDeploymentPostprocessing = 0;
		};
/* End PBXResourcesBuildPhase section */

/* Begin PBXShellScriptBuildPhase section */
		147828532653DB98007F2C94 /* ShellScript */ = {
			isa = PBXShellScriptBuildPhase;
			buildActionMask = 2147483647;
			files = (
			);
			inputFileListPaths = (
			);
			inputPaths = (
			);
			outputFileListPaths = (
			);
			outputPaths = (
			);
			runOnlyForDeploymentPostprocessing = 0;
			shellPath = /bin/sh;
			shellScript = "mv -f $TARGET_BUILD_DIR/$TARGET_NAME.bundle $SRCROOT/Plugins\necho $TARGET_BUILD_DIR/$TARGET_NAME.bundle\n";
		};
		1478287C2653DE4E007F2C94 /* ShellScript */ = {
			isa = PBXShellScriptBuildPhase;
			buildActionMask = 2147483647;
			files = (
			);
			inputFileListPaths = (
			);
			inputPaths = (
			);
			outputFileListPaths = (
			);
			outputPaths = (
			);
			runOnlyForDeploymentPostprocessing = 0;
			shellPath = /bin/sh;
			shellScript = "# move static lib to Plugin Folder\nm -rf $SRCROOT/Plugins/iOS/**\nmv -f $TARGET_BUILD_DIR/lib$TARGET_NAME.a $SRCROOT/Plugins/iOS\n\n# Build Android Lib (.so file)\nsh AndroidBuild.sh\n";
		};
/* End PBXShellScriptBuildPhase section */

/* Begin PBXSourcesBuildPhase section */
		147828242653D391007F2C94 /* Sources */ = {
			isa = PBXSourcesBuildPhase;
			buildActionMask = 2147483647;
			files = (
				147828352653D3BF007F2C94 /* Debug.cpp in Sources */,
				147828392653D3F8007F2C94 /* UnityNativePlugin.cpp in Sources */,
			);
			runOnlyForDeploymentPostprocessing = 0;
		};
		1478286C2653DE41007F2C94 /* Sources */ = {
			isa = PBXSourcesBuildPhase;
			buildActionMask = 2147483647;
			files = (
				147828832653DE8A007F2C94 /* Debug.cpp in Sources */,
				147828842653DE8A007F2C94 /* UnityNativePlugin.cpp in Sources */,
			);
			runOnlyForDeploymentPostprocessing = 0;
		};
/* End PBXSourcesBuildPhase section */

/* Begin XCBuildConfiguration section */
		1478282C2653D391007F2C94 /* Debug */ = {
			isa = XCBuildConfiguration;
			buildSettings = {
				ALWAYS_SEARCH_USER_PATHS = NO;
				CLANG_ANALYZER_NONNULL = YES;
				CLANG_ANALYZER_NUMBER_OBJECT_CONVERSION = YES_AGGRESSIVE;
				CLANG_CXX_LANGUAGE_STANDARD = "gnu++14";
				CLANG_CXX_LIBRARY = "libc++";
				CLANG_ENABLE_MODULES = YES;
				CLANG_ENABLE_OBJC_ARC = YES;
				CLANG_ENABLE_OBJC_WEAK = YES;
				CLANG_WARN_BLOCK_CAPTURE_AUTORELEASING = YES;
				CLANG_WARN_BOOL_CONVERSION = YES;
				CLANG_WARN_COMMA = YES;
				CLANG_WARN_CONSTANT_CONVERSION = YES;
				CLANG_WARN_DEPRECATED_OBJC_IMPLEMENTATIONS = YES;
				CLANG_WARN_DIRECT_OBJC_ISA_USAGE = YES_ERROR;
				CLANG_WARN_DOCUMENTATION_COMMENTS = YES;
				CLANG_WARN_EMPTY_BODY = YES;
				CLANG_WARN_ENUM_CONVERSION = YES;
				CLANG_WARN_INFINITE_RECURSION = YES;
				CLANG_WARN_INT_CONVERSION = YES;
				CLANG_WARN_NON_LITERAL_NULL_CONVERSION = YES;
				CLANG_WARN_OBJC_IMPLICIT_RETAIN_SELF = YES;
				CLANG_WARN_OBJC_LITERAL_CONVERSION = YES;
				CLANG_WARN_OBJC_ROOT_CLASS = YES_ERROR;
				CLANG_WARN_QUOTED_INCLUDE_IN_FRAMEWORK_HEADER = YES;
				CLANG_WARN_RANGE_LOOP_ANALYSIS = YES;
				CLANG_WARN_STRICT_PROTOTYPES = YES;
				CLANG_WARN_SUSPICIOUS_MOVE = YES;
				CLANG_WARN_UNGUARDED_AVAILABILITY = YES_AGGRESSIVE;
				CLANG_WARN_UNREACHABLE_CODE = YES;
				CLANG_WARN__DUPLICATE_METHOD_MATCH = YES;
				COPY_PHASE_STRIP = NO;
				DEBUG_INFORMATION_FORMAT = dwarf;
				ENABLE_STRICT_OBJC_MSGSEND = YES;
				ENABLE_TESTABILITY = YES;
				GCC_C_LANGUAGE_STANDARD = gnu11;
				GCC_DYNAMIC_NO_PIC = NO;
				GCC_NO_COMMON_BLOCKS = YES;
				GCC_OPTIMIZATION_LEVEL = 0;
				GCC_PREPROCESSOR_DEFINITIONS = (
					"DEBUG=1",
					"$(inherited)",
				);
				GCC_WARN_64_TO_32_BIT_CONVERSION = YES;
				GCC_WARN_ABOUT_RETURN_TYPE = YES_ERROR;
				GCC_WARN_UNDECLARED_SELECTOR = YES;
				GCC_WARN_UNINITIALIZED_AUTOS = YES_AGGRESSIVE;
				GCC_WARN_UNUSED_FUNCTION = YES;
				GCC_WARN_UNUSED_VARIABLE = YES;
				MACOSX_DEPLOYMENT_TARGET = 10.15;
				MTL_ENABLE_DEBUG_INFO = INCLUDE_SOURCE;
				MTL_FAST_MATH = YES;
				ONLY_ACTIVE_ARCH = YES;
				SDKROOT = macosx;
			};
			name = Debug;
		};
		1478282D2653D391007F2C94 /* Release */ = {
			isa = XCBuildConfiguration;
			buildSettings = {
				ALWAYS_SEARCH_USER_PATHS = NO;
				CLANG_ANALYZER_NONNULL = YES;
				CLANG_ANALYZER_NUMBER_OBJECT_CONVERSION = YES_AGGRESSIVE;
				CLANG_CXX_LANGUAGE_STANDARD = "gnu++14";
				CLANG_CXX_LIBRARY = "libc++";
				CLANG_ENABLE_MODULES = YES;
				CLANG_ENABLE_OBJC_ARC = YES;
				CLANG_ENABLE_OBJC_WEAK = YES;
				CLANG_WARN_BLOCK_CAPTURE_AUTORELEASING = YES;
				CLANG_WARN_BOOL_CONVERSION = YES;
				CLANG_WARN_COMMA = YES;
				CLANG_WARN_CONSTANT_CONVERSION = YES;
				CLANG_WARN_DEPRECATED_OBJC_IMPLEMENTATIONS = YES;
				CLANG_WARN_DIRECT_OBJC_ISA_USAGE = YES_ERROR;
				CLANG_WARN_DOCUMENTATION_COMMENTS = YES;
				CLANG_WARN_EMPTY_BODY = YES;
				CLANG_WARN_ENUM_CONVERSION = YES;
				CLANG_WARN_INFINITE_RECURSION = YES;
				CLANG_WARN_INT_CONVERSION = YES;
				CLANG_WARN_NON_LITERAL_NULL_CONVERSION = YES;
				CLANG_WARN_OBJC_IMPLICIT_RETAIN_SELF = YES;
				CLANG_WARN_OBJC_LITERAL_CONVERSION = YES;
				CLANG_WARN_OBJC_ROOT_CLASS = YES_ERROR;
				CLANG_WARN_QUOTED_INCLUDE_IN_FRAMEWORK_HEADER = YES;
				CLANG_WARN_RANGE_LOOP_ANALYSIS = YES;
				CLANG_WARN_STRICT_PROTOTYPES = YES;
				CLANG_WARN_SUSPICIOUS_MOVE = YES;
				CLANG_WARN_UNGUARDED_AVAILABILITY = YES_AGGRESSIVE;
				CLANG_WARN_UNREACHABLE_CODE = YES;
				CLANG_WARN__DUPLICATE_METHOD_MATCH = YES;
				COPY_PHASE_STRIP = NO;
				DEBUG_INFORMATION_FORMAT = "dwarf-with-dsym";
				ENABLE_NS_ASSERTIONS = NO;
				ENABLE_STRICT_OBJC_MSGSEND = YES;
				GCC_C_LANGUAGE_STANDARD = gnu11;
				GCC_NO_COMMON_BLOCKS = YES;
				GCC_WARN_64_TO_32_BIT_CONVERSION = YES;
				GCC_WARN_ABOUT_RETURN_TYPE = YES_ERROR;
				GCC_WARN_UNDECLARED_SELECTOR = YES;
				GCC_WARN_UNINITIALIZED_AUTOS = YES_AGGRESSIVE;
				GCC_WARN_UNUSED_FUNCTION = YES;
				GCC_WARN_UNUSED_VARIABLE = YES;
				MACOSX_DEPLOYMENT_TARGET = 10.15;
				MTL_ENABLE_DEBUG_INFO = NO;
				MTL_FAST_MATH = YES;
				SDKROOT = macosx;
			};
			name = Release;
		};
		1478282F2653D391007F2C94 /* Debug */ = {
			isa = XCBuildConfiguration;
			buildSettings = {
				CODE_SIGN_STYLE = Automatic;
				COMBINE_HIDPI_IMAGES = YES;
				INFOPLIST_FILE = UnityNativePlugin/Info.plist;
				INSTALL_PATH = "$(LOCAL_LIBRARY_DIR)/Bundles";
				PRODUCT_BUNDLE_IDENTIFIER = com.the.9an.UnityNativePlugin;
				PRODUCT_NAME = "$(TARGET_NAME)";
				SKIP_INSTALL = YES;
				WRAPPER_EXTENSION = bundle;
			};
			name = Debug;
		};
		147828302653D391007F2C94 /* Release */ = {
			isa = XCBuildConfiguration;
			buildSettings = {
				CODE_SIGN_STYLE = Automatic;
				COMBINE_HIDPI_IMAGES = YES;
				INFOPLIST_FILE = UnityNativePlugin/Info.plist;
				INSTALL_PATH = "$(LOCAL_LIBRARY_DIR)/Bundles";
				PRODUCT_BUNDLE_IDENTIFIER = com.the.9an.UnityNativePlugin;
				PRODUCT_NAME = "$(TARGET_NAME)";
				SKIP_INSTALL = YES;
				WRAPPER_EXTENSION = bundle;
			};
			name = Release;
		};
		147828772653DE41007F2C94 /* Debug */ = {
			isa = XCBuildConfiguration;
			buildSettings = {
				CODE_SIGN_STYLE = Automatic;
				IPHONEOS_DEPLOYMENT_TARGET = 14.4;
				OTHER_LDFLAGS = "-ObjC";
				PRODUCT_NAME = "$(TARGET_NAME)";
				SDKROOT = iphoneos;
				SKIP_INSTALL = YES;
				TARGETED_DEVICE_FAMILY = "1,2";
			};
			name = Debug;
		};
		147828782653DE41007F2C94 /* Release */ = {
			isa = XCBuildConfiguration;
			buildSettings = {
				CODE_SIGN_STYLE = Automatic;
				IPHONEOS_DEPLOYMENT_TARGET = 14.4;
				OTHER_LDFLAGS = "-ObjC";
				PRODUCT_NAME = "$(TARGET_NAME)";
				SDKROOT = iphoneos;
				SKIP_INSTALL = YES;
				TARGETED_DEVICE_FAMILY = "1,2";
				VALIDATE_PRODUCT = YES;
			};
			name = Release;
		};
/* End XCBuildConfiguration section */

/* Begin XCConfigurationList section */
		147828232653D391007F2C94 /* Build configuration list for PBXProject "UnityNativePlugin" */ = {
			isa = XCConfigurationList;
			buildConfigurations = (
				1478282C2653D391007F2C94 /* Debug */,
				1478282D2653D391007F2C94 /* Release */,
			);
			defaultConfigurationIsVisible = 0;
			defaultConfigurationName = Release;
		};
		1478282E2653D391007F2C94 /* Build configuration list for PBXNativeTarget "UnityNativePluginMac" */ = {
			isa = XCConfigurationList;
			buildConfigurations = (
				1478282F2653D391007F2C94 /* Debug */,
				147828302653D391007F2C94 /* Release */,
			);
			defaultConfigurationIsVisible = 0;
			defaultConfigurationName = Release;
		};
		147828762653DE41007F2C94 /* Build configuration list for PBXNativeTarget "UnityNativePlugin" */ = {
			isa = XCConfigurationList;
			buildConfigurations = (
				147828772653DE41007F2C94 /* Debug */,
				147828782653DE41007F2C94 /* Release */,
			);
			defaultConfigurationIsVisible = 0;
			defaultConfigurationName = Release;
		};
/* End XCConfigurationList section */
	};
	rootObject = 147828202653D391007F2C94 /* Project object */;
}
